<Solution>
  <Folder Name="/references/Hexalith.Commons/" />
  <Folder Name="/references/Hexalith.Commons/src/" />
  <Folder Name="/references/Hexalith.Commons/src/libraries/">
    <Project Path="references/Hexalith.Commons/src/libraries/Hexalith.Commons.UniqueIds/Hexalith.Commons.UniqueIds.csproj" />
  </Folder>
  <Folder Name="/references/Hexalith.Conversations/" />
  <Folder Name="/references/Hexalith.Conversations/src/">
    <Project Path="references/Hexalith.Conversations/src/Hexalith.Conversations.Client/Hexalith.Conversations.Client.csproj" />
    <Project Path="references/Hexalith.Conversations/src/Hexalith.Conversations.Contracts/Hexalith.Conversations.Contracts.csproj" />
  </Folder>
  <Folder Name="/references/Hexalith.EventStore/" />
  <Folder Name="/references/Hexalith.EventStore/src/">
    <Project Path="references/Hexalith.EventStore/src/Hexalith.EventStore.Admin.Abstractions/Hexalith.EventStore.Admin.Abstractions.csproj" />
    <Project Path="references/Hexalith.EventStore/src/Hexalith.EventStore.Client/Hexalith.EventStore.Client.csproj" />
    <Project Path="references/Hexalith.EventStore/src/Hexalith.EventStore.Contracts/Hexalith.EventStore.Contracts.csproj" />
    <Project Path="references/Hexalith.EventStore/src/Hexalith.EventStore.DomainService/Hexalith.EventStore.DomainService.csproj" />
    <Project Path="references/Hexalith.EventStore/src/Hexalith.EventStore.Server/Hexalith.EventStore.Server.csproj" />
    <Project Path="references/Hexalith.EventStore/src/Hexalith.EventStore.ServiceDefaults/Hexalith.EventStore.ServiceDefaults.csproj" />
    <Project Path="references/Hexalith.EventStore/src/Hexalith.EventStore/Hexalith.EventStore.csproj" />
  </Folder>
  <Folder Name="/references/Hexalith.Folders/" />
  <Folder Name="/references/Hexalith.Folders/src/">
    <Project Path="references/Hexalith.Folders/src/Hexalith.Folders.Client/Hexalith.Folders.Client.csproj" />
    <Project Path="references/Hexalith.Folders/src/Hexalith.Folders.Contracts/Hexalith.Folders.Contracts.csproj" />
  </Folder>
  <Folder Name="/references/Hexalith.FrontComposer/" />
  <Folder Name="/references/Hexalith.FrontComposer/src/">
    <Project Path="references/Hexalith.FrontComposer/src/Hexalith.FrontComposer.Contracts/Hexalith.FrontComposer.Contracts.csproj" />
    <Project Path="references/Hexalith.FrontComposer/src/Hexalith.FrontComposer.Mcp/Hexalith.FrontComposer.Mcp.csproj" />
    <Project Path="references/Hexalith.FrontComposer/src/Hexalith.FrontComposer.Schema/Hexalith.FrontComposer.Schema.csproj" />
    <Project Path="references/Hexalith.FrontComposer/src/Hexalith.FrontComposer.Shell/Hexalith.FrontComposer.Shell.csproj" />
    <Project Path="references/Hexalith.FrontComposer/src/Hexalith.FrontComposer.SourceTools/Hexalith.FrontComposer.SourceTools.csproj" />
    <Project Path="references/Hexalith.FrontComposer/src/Hexalith.FrontComposer.Testing/Hexalith.FrontComposer.Testing.csproj" />
  </Folder>
  <Folder Name="/references/Hexalith.Memories/" />
  <Folder Name="/references/Hexalith.Memories/src/">
    <Project Path="references/Hexalith.Memories/src/Hexalith.Memories.Client.Rest/Hexalith.Memories.Client.Rest.csproj" />
    <Project Path="references/Hexalith.Memories/src/Hexalith.Memories.Contracts/Hexalith.Memories.Contracts.csproj" />
  </Folder>
  <Folder Name="/references/Hexalith.Tenants/" />
  <Folder Name="/references/Hexalith.Tenants/src/">
    <Project Path="references/Hexalith.Tenants/src/Hexalith.Tenants.Client/Hexalith.Tenants.Client.csproj" />
    <Project Path="references/Hexalith.Tenants/src/Hexalith.Tenants.Contracts/Hexalith.Tenants.Contracts.csproj" />
    <Project Path="references/Hexalith.Tenants/src/Hexalith.Tenants.Server/Hexalith.Tenants.Server.csproj" />
    <Project Path="references/Hexalith.Tenants/src/Hexalith.Tenants/Hexalith.Tenants.csproj" />
  </Folder>
  <Folder Name="/Solution Items/">
    <File Path=".editorconfig" />
    <File Path=".gitmodules" />
    <File Path="AGENTS.md" />
    <File Path="CLAUDE.md" />
    <File Path="Directory.Build.props" />
    <File Path="Directory.Packages.props" />
    <File Path="global.json" />
    <File Path="LICENSE" />
    <File Path="Module.Directory.Build.props" />
    <File Path="Module.Directory.Packages.props" />
    <File Path="nuget.config" />
    <File Path="README.md" />
  </Folder>
  <Folder Name="/src/">
    <Project Path="src/Hexalith.Projects.AppHost/Hexalith.Projects.AppHost.csproj" />
    <Project Path="src/Hexalith.Projects.Aspire/Hexalith.Projects.Aspire.csproj" />
    <Project Path="src/Hexalith.Projects.Cli/Hexalith.Projects.Cli.csproj" />
    <Project Path="src/Hexalith.Projects.Client/Generation/Hexalith.Projects.Client.Generation.csproj" />
    <Project Path="src/Hexalith.Projects.Client/Generation/Shared/Hexalith.Projects.Client.Generation.Shared.csproj" />
    <Project Path="src/Hexalith.Projects.Client/Hexalith.Projects.Client.csproj" />
    <Project Path="src/Hexalith.Projects.Contracts/Hexalith.Projects.Contracts.csproj" />
    <Project Path="src/Hexalith.Projects.Infrastructure/Hexalith.Projects.Infrastructure.csproj" />
    <Project Path="src/Hexalith.Projects.Mcp/Hexalith.Projects.Mcp.csproj" />
    <Project Path="src/Hexalith.Projects.Server/Hexalith.Projects.Server.csproj" />
    <Project Path="src/Hexalith.Projects.ServiceDefaults/Hexalith.Projects.ServiceDefaults.csproj" />
    <Project Path="src/Hexalith.Projects.Testing/Hexalith.Projects.Testing.csproj" />
    <Project Path="src/Hexalith.Projects.UI/Hexalith.Projects.UI.csproj" />
    <Project Path="src/Hexalith.Projects.Workers/Hexalith.Projects.Workers.csproj" />
    <Project Path="src/Hexalith.Projects/Hexalith.Projects.csproj" />
  </Folder>
  <Folder Name="/tests/">
    <Project Path="tests/Hexalith.Projects.Client.Tests/Hexalith.Projects.Client.Tests.csproj" />
    <Project Path="tests/Hexalith.Projects.Cli.Tests/Hexalith.Projects.Cli.Tests.csproj" />
    <Project Path="tests/Hexalith.Projects.Contracts.Tests/Hexalith.Projects.Contracts.Tests.csproj" />
    <Project Path="tests/Hexalith.Projects.Integration.Tests/Hexalith.Projects.Integration.Tests.csproj" />
    <Project Path="tests/Hexalith.Projects.Mcp.Tests/Hexalith.Projects.Mcp.Tests.csproj" />
    <Project Path="tests/Hexalith.Projects.Server.Tests/Hexalith.Projects.Server.Tests.csproj" />
    <Project Path="tests/Hexalith.Projects.Tests/Hexalith.Projects.Tests.csproj" />
    <Project Path="tests/Hexalith.Projects.UI.Tests/Hexalith.Projects.UI.Tests.csproj" />
  </Folder>
</Solution>
