<Solution>
  <Folder Name="/Solution Items/">
    <File Path=".editorconfig" />
    <File Path=".gitmodules" />
    <File Path="AGENTS.md" />
    <File Path="CLAUDE.md" />
    <File Path="Directory.Build.props" />
    <File Path="Directory.Packages.props" />
    <File Path="global.json" />
    <File Path="LICENSE" />
    <File Path="Module.Directory.Build.props" />
    <File Path="Module.Directory.Packages.props" />
    <File Path="nuget.config" />
    <File Path="README.md" />
  </Folder>
  <Folder Name="/src/">
    <Project Path="src/Hexalith.Projects.AppHost/Hexalith.Projects.AppHost.csproj" />
    <Project Path="src/Hexalith.Projects.Aspire/Hexalith.Projects.Aspire.csproj" />
    <Project Path="src/Hexalith.Projects.Cli/Hexalith.Projects.Cli.csproj" />
    <Project Path="src/Hexalith.Projects.Client/Generation/Hexalith.Projects.Client.Generation.csproj" />
    <Project Path="src/Hexalith.Projects.Client/Generation/Shared/Hexalith.Projects.Client.Generation.Shared.csproj" />
    <Project Path="src/Hexalith.Projects.Client/Hexalith.Projects.Client.csproj" />
    <Project Path="src/Hexalith.Projects.Contracts/Hexalith.Projects.Contracts.csproj" />
    <Project Path="src/Hexalith.Projects.Infrastructure/Hexalith.Projects.Infrastructure.csproj" />
    <Project Path="src/Hexalith.Projects.Mcp/Hexalith.Projects.Mcp.csproj" />
    <Project Path="src/Hexalith.Projects.Server/Hexalith.Projects.Server.csproj" />
    <Project Path="src/Hexalith.Projects.ServiceDefaults/Hexalith.Projects.ServiceDefaults.csproj" />
    <Project Path="src/Hexalith.Projects.Testing/Hexalith.Projects.Testing.csproj" />
    <Project Path="src/Hexalith.Projects.UI/Hexalith.Projects.UI.csproj" />
    <Project Path="src/Hexalith.Projects.Workers/Hexalith.Projects.Workers.csproj" />
    <Project Path="src/Hexalith.Projects/Hexalith.Projects.csproj" />
  </Folder>
  <Folder Name="/tests/">
    <Project Path="tests/Hexalith.Projects.Client.Tests/Hexalith.Projects.Client.Tests.csproj" />
    <Project Path="tests/Hexalith.Projects.Contracts.Tests/Hexalith.Projects.Contracts.Tests.csproj" />
    <Project Path="tests/Hexalith.Projects.Integration.Tests/Hexalith.Projects.Integration.Tests.csproj" />
    <Project Path="tests/Hexalith.Projects.Server.Tests/Hexalith.Projects.Server.Tests.csproj" />
    <Project Path="tests/Hexalith.Projects.Tests/Hexalith.Projects.Tests.csproj" />
  </Folder>
</Solution>
